
Microsoft Visual Studio Solution File, Format Version 12.00
# Visual Studio Version 16
VisualStudioVersion = 16.0.30717.126
MinimumVisualStudioVersion = 10.0.40219.1
Project("{FAE04EC0-301F-11D3-BF4B-00C04F79EFBC}") = "AppService.ELX.Spec.Perf.2", "AppService.ELX.Spec.Perf.2\AppService.ELX.Spec.Perf.2.csproj", "{3B93F749-942F-4868-8568-6C000BC31C65}"
EndProject
Global
	GlobalSection(SolutionConfigurationPlatforms) = preSolution
		Debug|Any CPU = Debug|Any CPU
		Release|Any CPU = Release|Any CPU
	EndGlobalSection
	GlobalSection(ProjectConfigurationPlatforms) = postSolution
		{3B93F749-942F-4868-8568-6C000BC31C65}.Debug|Any CPU.ActiveCfg = Debug|Any CPU
		{3B93F749-942F-4868-8568-6C000BC31C65}.Debug|Any CPU.Build.0 = Debug|Any CPU
		{3B93F749-942F-4868-8568-6C000BC31C65}.Release|Any CPU.ActiveCfg = Release|Any CPU
		{3B93F749-942F-4868-8568-6C000BC31C65}.Release|Any CPU.Build.0 = Release|Any CPU
	EndGlobalSection
	GlobalSection(SolutionProperties) = preSolution
		HideSolutionNode = FALSE
	EndGlobalSection
	GlobalSection(ExtensibilityGlobals) = postSolution
		SolutionGuid = {4513BABA-6C03-4BC3-B088-442B89E00E4B}
	EndGlobalSection
EndGlobal
